
Microsoft Visual Studio Solution File, Format Version 12.00
# Visual Studio 15
VisualStudioVersion = 15.0.28307.645
MinimumVisualStudioVersion = 10.0.40219.1
Project("{9A19103F-16F7-4668-BE54-9A1E7A4F7556}") = "Codific.Mvc567", "src\Codific.Mvc567\Codific.Mvc567.csproj", "{0B5F61C5-992D-439B-967F-EC2AE3267A35}"
EndProject
Project("{9A19103F-16F7-4668-BE54-9A1E7A4F7556}") = "Codific.Mvc567.DataAccess", "src\Codific.Mvc567.DataAccess\Codific.Mvc567.DataAccess.csproj", "{7534842A-D3E7-4A42-8588-530545072AB4}"
EndProject
Project("{9A19103F-16F7-4668-BE54-9A1E7A4F7556}") = "Codific.Mvc567.Common", "src\Codific.Mvc567.Common\Codific.Mvc567.Common.csproj", "{68A62A33-3CB7-46CC-A5D3-0A29E6D97F86}"
EndProject
Project("{9A19103F-16F7-4668-BE54-9A1E7A4F7556}") = "Codific.Mvc567.Services", "src\Codific.Mvc567.Services\Codific.Mvc567.Services.csproj", "{2E510B5B-EC78-46CC-8178-A1562E80AEFD}"
EndProject
Project("{9A19103F-16F7-4668-BE54-9A1E7A4F7556}") = "Codific.Mvc567.UI", "src\Codific.Mvc567.UI\Codific.Mvc567.UI.csproj", "{74B9F0CC-C4FF-45DD-A46F-7BB97B27A0E9}"
EndProject
Project("{9A19103F-16F7-4668-BE54-9A1E7A4F7556}") = "Codific.Mvc567.Components", "src\Codific.Mvc567.Components\Codific.Mvc567.Components.csproj", "{7C804D69-4F77-459C-859E-670883C62996}"
EndProject
Project("{9A19103F-16F7-4668-BE54-9A1E7A4F7556}") = "Codific.Mvc567.Entities", "src\Codific.Mvc567.Entities\Codific.Mvc567.Entities.csproj", "{5F202556-D102-4E13-B80B-6B9E93DA9D5B}"
EndProject
Project("{FAE04EC0-301F-11D3-BF4B-00C04F79EFBC}") = "Codific.Mvc567.DataAccess.Abstractions", "src\Codific.Mvc567.DataAccess.Abstractions\Codific.Mvc567.DataAccess.Abstractions.csproj", "{47D3A576-6BD4-46B4-9C6E-6D45C37E9E2A}"
EndProject
Project("{FAE04EC0-301F-11D3-BF4B-00C04F79EFBC}") = "Codific.Mvc567.Services.Abstractions", "src\Codific.Mvc567.Services.Abstractions\Codific.Mvc567.Services.Abstractions.csproj", "{9DC9D33E-C594-4F24-988D-269F0B67050F}"
EndProject
Project("{FAE04EC0-301F-11D3-BF4B-00C04F79EFBC}") = "Codific.Mvc567.ViewModels", "src\Codific.Mvc567.ViewModels\Codific.Mvc567.ViewModels.csproj", "{799C5C09-93B9-4CCF-8ACD-62A2B0944B29}"
EndProject
Project("{FAE04EC0-301F-11D3-BF4B-00C04F79EFBC}") = "Codific.Mvc567.Dtos", "src\Codific.Mvc567.Dtos\Codific.Mvc567.Dtos.csproj", "{1018E586-3FC5-49C0-A274-4FA50AD2DCBF}"
EndProject
Project("{FAE04EC0-301F-11D3-BF4B-00C04F79EFBC}") = "Codific.Mvc567.CommonCore", "src\Codific.Mvc567.CommonCore\Codific.Mvc567.CommonCore.csproj", "{2917AE03-98EF-48FB-819F-6182A33DEBBF}"
EndProject
Global
	GlobalSection(SolutionConfigurationPlatforms) = preSolution
		Debug|Any CPU = Debug|Any CPU
		Release|Any CPU = Release|Any CPU
	EndGlobalSection
	GlobalSection(ProjectConfigurationPlatforms) = postSolution
		{4A11AB28-09B3-419F-9ADF-20EF0D9B6AFD}.Debug|Any CPU.ActiveCfg = Debug|Any CPU
		{4A11AB28-09B3-419F-9ADF-20EF0D9B6AFD}.Debug|Any CPU.Build.0 = Debug|Any CPU
		{4A11AB28-09B3-419F-9ADF-20EF0D9B6AFD}.Release|Any CPU.ActiveCfg = Release|Any CPU
		{4A11AB28-09B3-419F-9ADF-20EF0D9B6AFD}.Release|Any CPU.Build.0 = Release|Any CPU
		{0B5F61C5-992D-439B-967F-EC2AE3267A35}.Debug|Any CPU.ActiveCfg = Debug|Any CPU
		{0B5F61C5-992D-439B-967F-EC2AE3267A35}.Debug|Any CPU.Build.0 = Debug|Any CPU
		{0B5F61C5-992D-439B-967F-EC2AE3267A35}.Release|Any CPU.ActiveCfg = Release|Any CPU
		{0B5F61C5-992D-439B-967F-EC2AE3267A35}.Release|Any CPU.Build.0 = Release|Any CPU
		{7534842A-D3E7-4A42-8588-530545072AB4}.Debug|Any CPU.ActiveCfg = Debug|Any CPU
		{7534842A-D3E7-4A42-8588-530545072AB4}.Debug|Any CPU.Build.0 = Debug|Any CPU
		{7534842A-D3E7-4A42-8588-530545072AB4}.Release|Any CPU.ActiveCfg = Release|Any CPU
		{7534842A-D3E7-4A42-8588-530545072AB4}.Release|Any CPU.Build.0 = Release|Any CPU
		{68A62A33-3CB7-46CC-A5D3-0A29E6D97F86}.Debug|Any CPU.ActiveCfg = Debug|Any CPU
		{68A62A33-3CB7-46CC-A5D3-0A29E6D97F86}.Debug|Any CPU.Build.0 = Debug|Any CPU
		{68A62A33-3CB7-46CC-A5D3-0A29E6D97F86}.Release|Any CPU.ActiveCfg = Release|Any CPU
		{68A62A33-3CB7-46CC-A5D3-0A29E6D97F86}.Release|Any CPU.Build.0 = Release|Any CPU
		{2E510B5B-EC78-46CC-8178-A1562E80AEFD}.Debug|Any CPU.ActiveCfg = Debug|Any CPU
		{2E510B5B-EC78-46CC-8178-A1562E80AEFD}.Debug|Any CPU.Build.0 = Debug|Any CPU
		{2E510B5B-EC78-46CC-8178-A1562E80AEFD}.Release|Any CPU.ActiveCfg = Release|Any CPU
		{2E510B5B-EC78-46CC-8178-A1562E80AEFD}.Release|Any CPU.Build.0 = Release|Any CPU
		{74B9F0CC-C4FF-45DD-A46F-7BB97B27A0E9}.Debug|Any CPU.ActiveCfg = Debug|Any CPU
		{74B9F0CC-C4FF-45DD-A46F-7BB97B27A0E9}.Debug|Any CPU.Build.0 = Debug|Any CPU
		{74B9F0CC-C4FF-45DD-A46F-7BB97B27A0E9}.Release|Any CPU.ActiveCfg = Release|Any CPU
		{74B9F0CC-C4FF-45DD-A46F-7BB97B27A0E9}.Release|Any CPU.Build.0 = Release|Any CPU
		{7C804D69-4F77-459C-859E-670883C62996}.Debug|Any CPU.ActiveCfg = Debug|Any CPU
		{7C804D69-4F77-459C-859E-670883C62996}.Debug|Any CPU.Build.0 = Debug|Any CPU
		{7C804D69-4F77-459C-859E-670883C62996}.Release|Any CPU.ActiveCfg = Release|Any CPU
		{7C804D69-4F77-459C-859E-670883C62996}.Release|Any CPU.Build.0 = Release|Any CPU
		{5F202556-D102-4E13-B80B-6B9E93DA9D5B}.Debug|Any CPU.ActiveCfg = Debug|Any CPU
		{5F202556-D102-4E13-B80B-6B9E93DA9D5B}.Debug|Any CPU.Build.0 = Debug|Any CPU
		{5F202556-D102-4E13-B80B-6B9E93DA9D5B}.Release|Any CPU.ActiveCfg = Release|Any CPU
		{5F202556-D102-4E13-B80B-6B9E93DA9D5B}.Release|Any CPU.Build.0 = Release|Any CPU
		{47D3A576-6BD4-46B4-9C6E-6D45C37E9E2A}.Debug|Any CPU.ActiveCfg = Debug|Any CPU
		{47D3A576-6BD4-46B4-9C6E-6D45C37E9E2A}.Debug|Any CPU.Build.0 = Debug|Any CPU
		{47D3A576-6BD4-46B4-9C6E-6D45C37E9E2A}.Release|Any CPU.ActiveCfg = Release|Any CPU
		{47D3A576-6BD4-46B4-9C6E-6D45C37E9E2A}.Release|Any CPU.Build.0 = Release|Any CPU
		{9DC9D33E-C594-4F24-988D-269F0B67050F}.Debug|Any CPU.ActiveCfg = Debug|Any CPU
		{9DC9D33E-C594-4F24-988D-269F0B67050F}.Debug|Any CPU.Build.0 = Debug|Any CPU
		{9DC9D33E-C594-4F24-988D-269F0B67050F}.Release|Any CPU.ActiveCfg = Release|Any CPU
		{9DC9D33E-C594-4F24-988D-269F0B67050F}.Release|Any CPU.Build.0 = Release|Any CPU
		{799C5C09-93B9-4CCF-8ACD-62A2B0944B29}.Debug|Any CPU.ActiveCfg = Debug|Any CPU
		{799C5C09-93B9-4CCF-8ACD-62A2B0944B29}.Debug|Any CPU.Build.0 = Debug|Any CPU
		{799C5C09-93B9-4CCF-8ACD-62A2B0944B29}.Release|Any CPU.ActiveCfg = Release|Any CPU
		{799C5C09-93B9-4CCF-8ACD-62A2B0944B29}.Release|Any CPU.Build.0 = Release|Any CPU
		{1018E586-3FC5-49C0-A274-4FA50AD2DCBF}.Debug|Any CPU.ActiveCfg = Debug|Any CPU
		{1018E586-3FC5-49C0-A274-4FA50AD2DCBF}.Debug|Any CPU.Build.0 = Debug|Any CPU
		{1018E586-3FC5-49C0-A274-4FA50AD2DCBF}.Release|Any CPU.ActiveCfg = Release|Any CPU
		{1018E586-3FC5-49C0-A274-4FA50AD2DCBF}.Release|Any CPU.Build.0 = Release|Any CPU
		{2917AE03-98EF-48FB-819F-6182A33DEBBF}.Debug|Any CPU.ActiveCfg = Debug|Any CPU
		{2917AE03-98EF-48FB-819F-6182A33DEBBF}.Debug|Any CPU.Build.0 = Debug|Any CPU
		{2917AE03-98EF-48FB-819F-6182A33DEBBF}.Release|Any CPU.ActiveCfg = Release|Any CPU
		{2917AE03-98EF-48FB-819F-6182A33DEBBF}.Release|Any CPU.Build.0 = Release|Any CPU
	EndGlobalSection
	GlobalSection(SolutionProperties) = preSolution
		HideSolutionNode = FALSE
	EndGlobalSection
	GlobalSection(ExtensibilityGlobals) = postSolution
		SolutionGuid = {0CEB91CB-DD8A-4540-BAC5-37A9CB376B26}
	EndGlobalSection
EndGlobal
